
Microsoft Visual Studio Solution File, Format Version 12.00
# Visual Studio 2013
VisualStudioVersion = 12.0.30723.0
MinimumVisualStudioVersion = 10.0.40219.1
Project("{FAE04EC0-301F-11D3-BF4B-00C04F79EFBC}") = "PioneerDesktop", "PioneerDesktop\PioneerDesktop.csproj", "{7078B8CD-81AA-42AA-9BAC-C0C981918164}"
EndProject
Project("{FAE04EC0-301F-11D3-BF4B-00C04F79EFBC}") = "AVControl", "VSXControl\AVControl.csproj", "{4B2C6405-D1DF-4C66-AB85-B324FEB780BE}"
EndProject
Global
	GlobalSection(SolutionConfigurationPlatforms) = preSolution
		Debug|Any CPU = Debug|Any CPU
		Release|Any CPU = Release|Any CPU
	EndGlobalSection
	GlobalSection(ProjectConfigurationPlatforms) = postSolution
		{7078B8CD-81AA-42AA-9BAC-C0C981918164}.Debug|Any CPU.ActiveCfg = Debug|Any CPU
		{7078B8CD-81AA-42AA-9BAC-C0C981918164}.Debug|Any CPU.Build.0 = Debug|Any CPU
		{7078B8CD-81AA-42AA-9BAC-C0C981918164}.Release|Any CPU.ActiveCfg = Release|Any CPU
		{7078B8CD-81AA-42AA-9BAC-C0C981918164}.Release|Any CPU.Build.0 = Release|Any CPU
		{4B2C6405-D1DF-4C66-AB85-B324FEB780BE}.Debug|Any CPU.ActiveCfg = Debug|Any CPU
		{4B2C6405-D1DF-4C66-AB85-B324FEB780BE}.Debug|Any CPU.Build.0 = Debug|Any CPU
		{4B2C6405-D1DF-4C66-AB85-B324FEB780BE}.Release|Any CPU.ActiveCfg = Release|Any CPU
		{4B2C6405-D1DF-4C66-AB85-B324FEB780BE}.Release|Any CPU.Build.0 = Release|Any CPU
	EndGlobalSection
	GlobalSection(SolutionProperties) = preSolution
		HideSolutionNode = FALSE
	EndGlobalSection
EndGlobal
